
Microsoft Visual Studio Solution File, Format Version 12.00
# Visual Studio Version 17
VisualStudioVersion = 17.0.32014.148
MinimumVisualStudioVersion = 10.0.40219.1
Project("{2150E333-8FDC-42A3-9474-1A3956D46DE8}") = "Building Blocks", "Building Blocks", "{8EBC5C2D-B7EB-44AC-A756-05614EDB6924}"
EndProject
Project("{2150E333-8FDC-42A3-9474-1A3956D46DE8}") = "Business", "Business", "{F5E4E02F-B4FA-4C38-96F2-D0C7F089B7CA}"
EndProject
Project("{2150E333-8FDC-42A3-9474-1A3956D46DE8}") = "Web", "Web", "{733FF916-7D61-4EDD-B858-BAC4D5F4EB17}"
EndProject
Project("{2150E333-8FDC-42A3-9474-1A3956D46DE8}") = "Core", "Core", "{97394B1D-B3D9-4CAC-AA7A-1A7035603BB7}"
EndProject
Project("{2150E333-8FDC-42A3-9474-1A3956D46DE8}") = "Services", "Services", "{C4EE6E40-BA5C-4A4B-B72C-D1B4793F9142}"
EndProject
Project("{2150E333-8FDC-42A3-9474-1A3956D46DE8}") = "MessageBus", "MessageBus", "{D2677D31-1629-40C9-BD9F-F51568CC6FEE}"
EndProject
Project("{2150E333-8FDC-42A3-9474-1A3956D46DE8}") = "DataAccess", "DataAccess", "{45D814AA-3ABA-4891-9377-12E68A885160}"
EndProject
Project("{2150E333-8FDC-42A3-9474-1A3956D46DE8}") = "Test", "Test", "{F140529E-31FC-467E-8D18-AFB09287FBD8}"
EndProject
Project("{2150E333-8FDC-42A3-9474-1A3956D46DE8}") = "src", "src", "{2A8168F0-3AE4-4FDF-999C-97E475E18F9D}"
EndProject
Project("{9A19103F-16F7-4668-BE54-9A1E7A4F7556}") = "Shop.WebApi", "src\web\Shop.WebApi\Shop.WebApi.csproj", "{91AE6070-C228-41EB-9BE1-0E181765B918}"
EndProject
Project("{9A19103F-16F7-4668-BE54-9A1E7A4F7556}") = "Shop.WebApp.MVC", "src\web\Shop.WebApp.MVC\Shop.WebApp.MVC.csproj", "{8BBF465C-0BCA-4F95-B99D-C11817501F38}"
EndProject
Project("{9A19103F-16F7-4668-BE54-9A1E7A4F7556}") = "Shop.Business", "src\services\Shop.Business\Shop.Business.csproj", "{99750901-56F1-4F09-AE0A-4E2574B1371D}"
EndProject
Project("{9A19103F-16F7-4668-BE54-9A1E7A4F7556}") = "Shop.DataAccess", "src\services\Shop.DataAccess\Shop.DataAccess.csproj", "{EEA1AA44-A698-464F-BEF1-2339E6ED07D4}"
EndProject
Project("{9A19103F-16F7-4668-BE54-9A1E7A4F7556}") = "Shop.Core", "src\building blocks\Shop.Core\Shop.Core.csproj", "{B4642C00-733B-4BA8-9BD2-A30770395161}"
EndProject
Project("{9A19103F-16F7-4668-BE54-9A1E7A4F7556}") = "Shop.MessageBus", "src\building blocks\Shop.MessageBus\Shop.MessageBus.csproj", "{5FDF202D-99EC-41BF-B7E5-A7E4702EE5FF}"
EndProject
Project("{9A19103F-16F7-4668-BE54-9A1E7A4F7556}") = "Shop.Core.WebApi", "src\building blocks\Shop.Core.WebApi\Shop.Core.WebApi.csproj", "{466A97F4-A30E-4B6D-8027-9ED3016CD21D}"
EndProject
Project("{9A19103F-16F7-4668-BE54-9A1E7A4F7556}") = "Shop.Test", "test\Shop.Test\Shop.Test.csproj", "{346F9458-5385-4660-909A-64B213C97548}"
EndProject
Project("{9A19103F-16F7-4668-BE54-9A1E7A4F7556}") = "Shop.Message.Email", "src\building blocks\Shop.Message.Email\Shop.Message.Email.csproj", "{C6A0AB3F-BE96-4645-867B-79A93AE6AFB9}"
EndProject
Project("{2150E333-8FDC-42A3-9474-1A3956D46DE8}") = "Solution Items", "Solution Items", "{73DE5701-C7A3-4885-A42C-5AEC6654BA86}"
	ProjectSection(SolutionItems) = preProject
		docker\shop_producao.yml = docker\shop_producao.yml
	EndProjectSection
EndProject
Global
	GlobalSection(SolutionConfigurationPlatforms) = preSolution
		Debug|Any CPU = Debug|Any CPU
		Release|Any CPU = Release|Any CPU
	EndGlobalSection
	GlobalSection(ProjectConfigurationPlatforms) = postSolution
		{91AE6070-C228-41EB-9BE1-0E181765B918}.Debug|Any CPU.ActiveCfg = Debug|Any CPU
		{91AE6070-C228-41EB-9BE1-0E181765B918}.Debug|Any CPU.Build.0 = Debug|Any CPU
		{91AE6070-C228-41EB-9BE1-0E181765B918}.Release|Any CPU.ActiveCfg = Release|Any CPU
		{91AE6070-C228-41EB-9BE1-0E181765B918}.Release|Any CPU.Build.0 = Release|Any CPU
		{8BBF465C-0BCA-4F95-B99D-C11817501F38}.Debug|Any CPU.ActiveCfg = Debug|Any CPU
		{8BBF465C-0BCA-4F95-B99D-C11817501F38}.Debug|Any CPU.Build.0 = Debug|Any CPU
		{8BBF465C-0BCA-4F95-B99D-C11817501F38}.Release|Any CPU.ActiveCfg = Release|Any CPU
		{8BBF465C-0BCA-4F95-B99D-C11817501F38}.Release|Any CPU.Build.0 = Release|Any CPU
		{99750901-56F1-4F09-AE0A-4E2574B1371D}.Debug|Any CPU.ActiveCfg = Debug|Any CPU
		{99750901-56F1-4F09-AE0A-4E2574B1371D}.Debug|Any CPU.Build.0 = Debug|Any CPU
		{99750901-56F1-4F09-AE0A-4E2574B1371D}.Release|Any CPU.ActiveCfg = Release|Any CPU
		{99750901-56F1-4F09-AE0A-4E2574B1371D}.Release|Any CPU.Build.0 = Release|Any CPU
		{EEA1AA44-A698-464F-BEF1-2339E6ED07D4}.Debug|Any CPU.ActiveCfg = Debug|Any CPU
		{EEA1AA44-A698-464F-BEF1-2339E6ED07D4}.Debug|Any CPU.Build.0 = Debug|Any CPU
		{EEA1AA44-A698-464F-BEF1-2339E6ED07D4}.Release|Any CPU.ActiveCfg = Release|Any CPU
		{EEA1AA44-A698-464F-BEF1-2339E6ED07D4}.Release|Any CPU.Build.0 = Release|Any CPU
		{B4642C00-733B-4BA8-9BD2-A30770395161}.Debug|Any CPU.ActiveCfg = Debug|Any CPU
		{B4642C00-733B-4BA8-9BD2-A30770395161}.Debug|Any CPU.Build.0 = Debug|Any CPU
		{B4642C00-733B-4BA8-9BD2-A30770395161}.Release|Any CPU.ActiveCfg = Release|Any CPU
		{B4642C00-733B-4BA8-9BD2-A30770395161}.Release|Any CPU.Build.0 = Release|Any CPU
		{5FDF202D-99EC-41BF-B7E5-A7E4702EE5FF}.Debug|Any CPU.ActiveCfg = Debug|Any CPU
		{5FDF202D-99EC-41BF-B7E5-A7E4702EE5FF}.Debug|Any CPU.Build.0 = Debug|Any CPU
		{5FDF202D-99EC-41BF-B7E5-A7E4702EE5FF}.Release|Any CPU.ActiveCfg = Release|Any CPU
		{5FDF202D-99EC-41BF-B7E5-A7E4702EE5FF}.Release|Any CPU.Build.0 = Release|Any CPU
		{466A97F4-A30E-4B6D-8027-9ED3016CD21D}.Debug|Any CPU.ActiveCfg = Debug|Any CPU
		{466A97F4-A30E-4B6D-8027-9ED3016CD21D}.Debug|Any CPU.Build.0 = Debug|Any CPU
		{466A97F4-A30E-4B6D-8027-9ED3016CD21D}.Release|Any CPU.ActiveCfg = Release|Any CPU
		{466A97F4-A30E-4B6D-8027-9ED3016CD21D}.Release|Any CPU.Build.0 = Release|Any CPU
		{346F9458-5385-4660-909A-64B213C97548}.Debug|Any CPU.ActiveCfg = Debug|Any CPU
		{346F9458-5385-4660-909A-64B213C97548}.Debug|Any CPU.Build.0 = Debug|Any CPU
		{346F9458-5385-4660-909A-64B213C97548}.Release|Any CPU.ActiveCfg = Release|Any CPU
		{346F9458-5385-4660-909A-64B213C97548}.Release|Any CPU.Build.0 = Release|Any CPU
		{C6A0AB3F-BE96-4645-867B-79A93AE6AFB9}.Debug|Any CPU.ActiveCfg = Debug|Any CPU
		{C6A0AB3F-BE96-4645-867B-79A93AE6AFB9}.Debug|Any CPU.Build.0 = Debug|Any CPU
		{C6A0AB3F-BE96-4645-867B-79A93AE6AFB9}.Release|Any CPU.ActiveCfg = Release|Any CPU
		{C6A0AB3F-BE96-4645-867B-79A93AE6AFB9}.Release|Any CPU.Build.0 = Release|Any CPU
	EndGlobalSection
	GlobalSection(SolutionProperties) = preSolution
		HideSolutionNode = FALSE
	EndGlobalSection
	GlobalSection(NestedProjects) = preSolution
		{8EBC5C2D-B7EB-44AC-A756-05614EDB6924} = {2A8168F0-3AE4-4FDF-999C-97E475E18F9D}
		{F5E4E02F-B4FA-4C38-96F2-D0C7F089B7CA} = {2A8168F0-3AE4-4FDF-999C-97E475E18F9D}
		{733FF916-7D61-4EDD-B858-BAC4D5F4EB17} = {2A8168F0-3AE4-4FDF-999C-97E475E18F9D}
		{97394B1D-B3D9-4CAC-AA7A-1A7035603BB7} = {8EBC5C2D-B7EB-44AC-A756-05614EDB6924}
		{C4EE6E40-BA5C-4A4B-B72C-D1B4793F9142} = {8EBC5C2D-B7EB-44AC-A756-05614EDB6924}
		{D2677D31-1629-40C9-BD9F-F51568CC6FEE} = {8EBC5C2D-B7EB-44AC-A756-05614EDB6924}
		{45D814AA-3ABA-4891-9377-12E68A885160} = {2A8168F0-3AE4-4FDF-999C-97E475E18F9D}
		{91AE6070-C228-41EB-9BE1-0E181765B918} = {733FF916-7D61-4EDD-B858-BAC4D5F4EB17}
		{8BBF465C-0BCA-4F95-B99D-C11817501F38} = {733FF916-7D61-4EDD-B858-BAC4D5F4EB17}
		{99750901-56F1-4F09-AE0A-4E2574B1371D} = {F5E4E02F-B4FA-4C38-96F2-D0C7F089B7CA}
		{EEA1AA44-A698-464F-BEF1-2339E6ED07D4} = {45D814AA-3ABA-4891-9377-12E68A885160}
		{B4642C00-733B-4BA8-9BD2-A30770395161} = {97394B1D-B3D9-4CAC-AA7A-1A7035603BB7}
		{5FDF202D-99EC-41BF-B7E5-A7E4702EE5FF} = {D2677D31-1629-40C9-BD9F-F51568CC6FEE}
		{466A97F4-A30E-4B6D-8027-9ED3016CD21D} = {C4EE6E40-BA5C-4A4B-B72C-D1B4793F9142}
		{346F9458-5385-4660-909A-64B213C97548} = {F140529E-31FC-467E-8D18-AFB09287FBD8}
		{C6A0AB3F-BE96-4645-867B-79A93AE6AFB9} = {D2677D31-1629-40C9-BD9F-F51568CC6FEE}
	EndGlobalSection
	GlobalSection(ExtensibilityGlobals) = postSolution
		SolutionGuid = {26B7E78E-3858-4C91-A081-34222DC5225B}
	EndGlobalSection
EndGlobal
